<?xml version="1.0" encoding="utf-8"?>
<Project ToolsVersion="4.0" xmlns="http://schemas.microsoft.com/developer/msbuild/2003">
  <ItemGroup>
    <Filter Include="system">
      <UniqueIdentifier>{22dd8095-74f9-46df-81a1-36675a040b1f}</UniqueIdentifier>
    </Filter>
  </ItemGroup>
  <ItemGroup>
    <ClCompile Include="stdafx.cpp" />
    <ClCompile Include="main.cpp" />
    <ClCompile Include="system\system.cpp">
      <Filter>system</Filter>
    </ClCompile>
    <ClCompile Include="ModelTest.cpp" />
    <ClCompile Include="ModelRenderTest.cpp" />
    <ClCompile Include="SpriteTest.cpp" />
    <ClCompile Include="Game.cpp" />
    <ClCompile Include="Player.cpp" />
    <ClCompile Include="Car.cpp" />
    <ClCompile Include="BackGround.cpp" />
    <ClCompile Include="GameCamera.cpp" />
    <ClCompile Include="MiniTimer.cpp" />
    <ClCompile Include="SpeedMeter.cpp" />
    <ClCompile Include="MainTimer.cpp" />
    <ClCompile Include="PointYazirushi.cpp" />
    <ClCompile Include="HpUi.cpp" />
    <ClCompile Include="Bullet.cpp" />
    <ClCompile Include="Enemy.cpp" />
    <ClCompile Include="EnemyHpUi.cpp" />
    <ClCompile Include="EnemyAttackPoint.cpp" />
    <ClCompile Include="EnemyCamPos.cpp" />
    <ClCompile Include="Title.cpp" />
    <ClCompile Include="GameOver.cpp" />
    <ClCompile Include="GameClear.cpp" />
    <ClCompile Include="GameTimer.cpp" />
    <ClCompile Include="Load.cpp" />
    <ClCompile Include="SignalUi.cpp" />
    <ClCompile Include="SignalRailUi.cpp" />
    <ClCompile Include="Door.cpp" />
    <ClCompile Include="EventCamera.cpp" />
  </ItemGroup>
  <ItemGroup>
    <ClInclude Include="stdafx.h" />
    <ClInclude Include="system\system.h">
      <Filter>system</Filter>
    </ClInclude>
    <ClInclude Include="ModelTest.h" />
    <ClInclude Include="ModelRenderTest.h" />
    <ClInclude Include="SpriteTest.h" />
    <ClInclude Include="Game.h" />
    <ClInclude Include="Player.h" />
    <ClInclude Include="Car.h" />
    <ClInclude Include="BackGround.h" />
    <ClInclude Include="GameCamera.h" />
    <ClInclude Include="MiniTimer.h" />
    <ClInclude Include="SpeedMeter.h" />
    <ClInclude Include="MainTimer.h" />
    <ClInclude Include="PointYazirushi.h" />
    <ClInclude Include="HpUi.h" />
    <ClInclude Include="Bullet.h" />
    <ClInclude Include="Enemy.h" />
    <ClInclude Include="EnemyHpUi.h" />
    <ClInclude Include="EnemyAttackPoint.h" />
    <ClInclude Include="EnemyCamPos.h" />
    <ClInclude Include="Title.h" />
    <ClInclude Include="GameOver.h" />
    <ClInclude Include="GameClear.h" />
    <ClInclude Include="GameTimer.h" />
    <ClInclude Include="Load.h" />
    <ClInclude Include="SignalUi.h" />
    <ClInclude Include="SignalRailUi.h" />
    <ClInclude Include="Door.h" />
    <ClInclude Include="EventCamera.h" />
  </ItemGroup>
</Project>